
Microsoft Visual Studio Solution File, Format Version 12.00
# Visual Studio 14
VisualStudioVersion = 14.0.24720.0
MinimumVisualStudioVersion = 10.0.40219.1
Project("{2150E333-8FDC-42A3-9474-1A3956D46DE8}") = "Data", "Data", "{FA7B1A89-8470-4714-B486-4D241B4AD050}"
EndProject
Project("{2150E333-8FDC-42A3-9474-1A3956D46DE8}") = "Services", "Services", "{E5F28888-0BD8-4FA1-BE37-B844414C369F}"
EndProject
Project("{2150E333-8FDC-42A3-9474-1A3956D46DE8}") = "Web", "Web", "{B547A06F-3C15-4E9A-8AF8-A612F098F59C}"
EndProject
Project("{FAE04EC0-301F-11D3-BF4B-00C04F79EFBC}") = "TasteIt.Data", "Data\TasteIt.Data\TasteIt.Data.csproj", "{56A25714-23C7-4426-80FC-39972AA64468}"
EndProject
Project("{FAE04EC0-301F-11D3-BF4B-00C04F79EFBC}") = "TasteIt.Data.Models", "Data\TasteIt.Data.Models\TasteIt.Data.Models.csproj", "{5C9C055F-1442-4238-9E65-75331CDFE451}"
EndProject
Project("{FAE04EC0-301F-11D3-BF4B-00C04F79EFBC}") = "TasteIt.Web", "Web\TasteIt.Web\TasteIt.Web.csproj", "{BFC38897-0825-4212-A8F5-9A71858561C8}"
EndProject
Project("{FAE04EC0-301F-11D3-BF4B-00C04F79EFBC}") = "TasteIt.Data.Common", "Data\TasteIt.Data.Common\TasteIt.Data.Common.csproj", "{F90463D3-D915-4300-8C9C-E9D3E5131831}"
EndProject
Global
	GlobalSection(SolutionConfigurationPlatforms) = preSolution
		Debug|Any CPU = Debug|Any CPU
		Release|Any CPU = Release|Any CPU
	EndGlobalSection
	GlobalSection(ProjectConfigurationPlatforms) = postSolution
		{56A25714-23C7-4426-80FC-39972AA64468}.Debug|Any CPU.ActiveCfg = Debug|Any CPU
		{56A25714-23C7-4426-80FC-39972AA64468}.Debug|Any CPU.Build.0 = Debug|Any CPU
		{56A25714-23C7-4426-80FC-39972AA64468}.Release|Any CPU.ActiveCfg = Release|Any CPU
		{56A25714-23C7-4426-80FC-39972AA64468}.Release|Any CPU.Build.0 = Release|Any CPU
		{5C9C055F-1442-4238-9E65-75331CDFE451}.Debug|Any CPU.ActiveCfg = Debug|Any CPU
		{5C9C055F-1442-4238-9E65-75331CDFE451}.Debug|Any CPU.Build.0 = Debug|Any CPU
		{5C9C055F-1442-4238-9E65-75331CDFE451}.Release|Any CPU.ActiveCfg = Release|Any CPU
		{5C9C055F-1442-4238-9E65-75331CDFE451}.Release|Any CPU.Build.0 = Release|Any CPU
		{BFC38897-0825-4212-A8F5-9A71858561C8}.Debug|Any CPU.ActiveCfg = Debug|Any CPU
		{BFC38897-0825-4212-A8F5-9A71858561C8}.Debug|Any CPU.Build.0 = Debug|Any CPU
		{BFC38897-0825-4212-A8F5-9A71858561C8}.Release|Any CPU.ActiveCfg = Release|Any CPU
		{BFC38897-0825-4212-A8F5-9A71858561C8}.Release|Any CPU.Build.0 = Release|Any CPU
		{F90463D3-D915-4300-8C9C-E9D3E5131831}.Debug|Any CPU.ActiveCfg = Debug|Any CPU
		{F90463D3-D915-4300-8C9C-E9D3E5131831}.Debug|Any CPU.Build.0 = Debug|Any CPU
		{F90463D3-D915-4300-8C9C-E9D3E5131831}.Release|Any CPU.ActiveCfg = Release|Any CPU
		{F90463D3-D915-4300-8C9C-E9D3E5131831}.Release|Any CPU.Build.0 = Release|Any CPU
	EndGlobalSection
	GlobalSection(SolutionProperties) = preSolution
		HideSolutionNode = FALSE
	EndGlobalSection
	GlobalSection(NestedProjects) = preSolution
		{56A25714-23C7-4426-80FC-39972AA64468} = {FA7B1A89-8470-4714-B486-4D241B4AD050}
		{5C9C055F-1442-4238-9E65-75331CDFE451} = {FA7B1A89-8470-4714-B486-4D241B4AD050}
		{BFC38897-0825-4212-A8F5-9A71858561C8} = {B547A06F-3C15-4E9A-8AF8-A612F098F59C}
		{F90463D3-D915-4300-8C9C-E9D3E5131831} = {FA7B1A89-8470-4714-B486-4D241B4AD050}
	EndGlobalSection
EndGlobal
